# This file is automatically @generated by Cargo.
# It is not intended for manual editing.
version = 4

[[package]]
name = "red-cell"
version = "0.1.0"
dependencies = [
 "red-cell-common",
]

[[package]]
name = "red-cell-client"
version = "0.1.0"
dependencies = [
 "red-cell-common",
]

[[package]]
name = "red-cell-common"
version = "0.1.0"
